
Microsoft Visual Studio Solution File, Format Version 12.00
# Visual Studio Version 17
VisualStudioVersion = 17.2.32616.157
MinimumVisualStudioVersion = 10.0.40219.1
Project("{54A90642-561A-4BB1-A94E-469ADEE60C69}") = "reactproject1", "reactproject1.esproj", "{9B808DDF-65DD-485D-B67C-48F52D23570B}"
EndProject
Global
	GlobalSection(SolutionConfigurationPlatforms) = preSolution
		Debug|Any CPU = Debug|Any CPU
		Release|Any CPU = Release|Any CPU
	EndGlobalSection
	GlobalSection(ProjectConfigurationPlatforms) = postSolution
		{9B808DDF-65DD-485D-B67C-48F52D23570B}.Debug|Any CPU.ActiveCfg = Debug|Any CPU
		{9B808DDF-65DD-485D-B67C-48F52D23570B}.Debug|Any CPU.Build.0 = Debug|Any CPU
		{9B808DDF-65DD-485D-B67C-48F52D23570B}.Debug|Any CPU.Deploy.0 = Debug|Any CPU
		{9B808DDF-65DD-485D-B67C-48F52D23570B}.Release|Any CPU.ActiveCfg = Release|Any CPU
		{9B808DDF-65DD-485D-B67C-48F52D23570B}.Release|Any CPU.Build.0 = Release|Any CPU
		{9B808DDF-65DD-485D-B67C-48F52D23570B}.Release|Any CPU.Deploy.0 = Release|Any CPU
	EndGlobalSection
	GlobalSection(SolutionProperties) = preSolution
		HideSolutionNode = FALSE
	EndGlobalSection
	GlobalSection(ExtensibilityGlobals) = postSolution
		SolutionGuid = {D41BB04F-9DF1-4D99-B670-4FDD0756263F}
	EndGlobalSection
EndGlobal
